
Microsoft Visual Studio Solution File, Format Version 12.00
# Visual Studio Version 16
VisualStudioVersion = 16.0.31515.178
MinimumVisualStudioVersion = 10.0.40219.1
Project("{FAE04EC0-301F-11D3-BF4B-00C04F79EFBC}") = "fastLPI decompile tool", "fastLPI decompile tool.csproj", "{7487908B-1A98-4DF3-B6B4-3285F9873928}"
EndProject
Project("{FAE04EC0-301F-11D3-BF4B-00C04F79EFBC}") = "Example", "Examples\Example1\Example.csproj", "{06178752-F5DD-4021-BD7B-438B6DFB1BF9}"
EndProject
Global
	GlobalSection(SolutionConfigurationPlatforms) = preSolution
		Debug|Any CPU = Debug|Any CPU
		Release|Any CPU = Release|Any CPU
	EndGlobalSection
	GlobalSection(ProjectConfigurationPlatforms) = postSolution
		{7487908B-1A98-4DF3-B6B4-3285F9873928}.Debug|Any CPU.ActiveCfg = Debug|Any CPU
		{7487908B-1A98-4DF3-B6B4-3285F9873928}.Debug|Any CPU.Build.0 = Debug|Any CPU
		{7487908B-1A98-4DF3-B6B4-3285F9873928}.Release|Any CPU.ActiveCfg = Release|Any CPU
		{7487908B-1A98-4DF3-B6B4-3285F9873928}.Release|Any CPU.Build.0 = Release|Any CPU
		{06178752-F5DD-4021-BD7B-438B6DFB1BF9}.Debug|Any CPU.ActiveCfg = Debug|Any CPU
		{06178752-F5DD-4021-BD7B-438B6DFB1BF9}.Debug|Any CPU.Build.0 = Debug|Any CPU
		{06178752-F5DD-4021-BD7B-438B6DFB1BF9}.Release|Any CPU.ActiveCfg = Release|Any CPU
		{06178752-F5DD-4021-BD7B-438B6DFB1BF9}.Release|Any CPU.Build.0 = Release|Any CPU
	EndGlobalSection
	GlobalSection(SolutionProperties) = preSolution
		HideSolutionNode = FALSE
	EndGlobalSection
	GlobalSection(ExtensibilityGlobals) = postSolution
		SolutionGuid = {7B0C87B8-259E-4B98-B2B4-B682F688686B}
	EndGlobalSection
EndGlobal
